
Microsoft Visual Studio Solution File, Format Version 12.00
# Visual Studio Version 17
VisualStudioVersion = 17.14.36401.2
MinimumVisualStudioVersion = 10.0.40219.1
Project("{FAE04EC0-301F-11D3-BF4B-00C04F79EFBC}") = "AdPlatform", "AdPlatformService\AdPlatform.csproj", "{4DFC612A-9AA0-412E-AC12-12097D7CD28A}"
EndProject
Project("{FAE04EC0-301F-11D3-BF4B-00C04F79EFBC}") = "Tests", "Tests\Tests.csproj", "{A8E6D7D3-BF3D-4A29-BA1C-213C883BE8E2}"
EndProject
Global
	GlobalSection(SolutionConfigurationPlatforms) = preSolution
		Debug|Any CPU = Debug|Any CPU
		Release|Any CPU = Release|Any CPU
	EndGlobalSection
	GlobalSection(ProjectConfigurationPlatforms) = postSolution
		{4DFC612A-9AA0-412E-AC12-12097D7CD28A}.Debug|Any CPU.ActiveCfg = Debug|Any CPU
		{4DFC612A-9AA0-412E-AC12-12097D7CD28A}.Debug|Any CPU.Build.0 = Debug|Any CPU
		{4DFC612A-9AA0-412E-AC12-12097D7CD28A}.Release|Any CPU.ActiveCfg = Release|Any CPU
		{4DFC612A-9AA0-412E-AC12-12097D7CD28A}.Release|Any CPU.Build.0 = Release|Any CPU
		{A8E6D7D3-BF3D-4A29-BA1C-213C883BE8E2}.Debug|Any CPU.ActiveCfg = Debug|Any CPU
		{A8E6D7D3-BF3D-4A29-BA1C-213C883BE8E2}.Debug|Any CPU.Build.0 = Debug|Any CPU
		{A8E6D7D3-BF3D-4A29-BA1C-213C883BE8E2}.Release|Any CPU.ActiveCfg = Release|Any CPU
		{A8E6D7D3-BF3D-4A29-BA1C-213C883BE8E2}.Release|Any CPU.Build.0 = Release|Any CPU
	EndGlobalSection
	GlobalSection(SolutionProperties) = preSolution
		HideSolutionNode = FALSE
	EndGlobalSection
	GlobalSection(ExtensibilityGlobals) = postSolution
		SolutionGuid = {2F975D8C-BEE2-46A7-B1FD-80D40803D26B}
	EndGlobalSection
EndGlobal
